
Microsoft Visual Studio Solution File, Format Version 10.00
# Visual Studio 2008
Project("{FAE04EC0-301F-11D3-BF4B-00C04F79EFBC}") = "SilverStunts", "SilverStunts\SilverStunts.csproj", "{D052FB1C-797A-4462-A121-1B138381BB57}"
EndProject
Project("{FAE04EC0-301F-11D3-BF4B-00C04F79EFBC}") = "Physics", "Physics\Physics.csproj", "{D863E4F9-D0B6-489C-866E-CDA3CDBAD21B}"
EndProject
Project("{E24C65DC-7377-472B-9ABA-BC803B73C61A}") = "site", "..\..\site\", "{017496AA-BCF1-4890-B0C9-B74DE76823F1}"
	ProjectSection(WebsiteProperties) = preProject
		TargetFramework = "3.5"
		Debug.AspNetCompiler.VirtualPath = "/site"
		Debug.AspNetCompiler.PhysicalPath = "..\..\site\"
		Debug.AspNetCompiler.TargetPath = "PrecompiledWeb\site\"
		Debug.AspNetCompiler.Updateable = "true"
		Debug.AspNetCompiler.ForceOverwrite = "true"
		Debug.AspNetCompiler.FixedNames = "false"
		Debug.AspNetCompiler.Debug = "True"
		Release.AspNetCompiler.VirtualPath = "/site"
		Release.AspNetCompiler.PhysicalPath = "..\..\site\"
		Release.AspNetCompiler.TargetPath = "PrecompiledWeb\site\"
		Release.AspNetCompiler.Updateable = "true"
		Release.AspNetCompiler.ForceOverwrite = "true"
		Release.AspNetCompiler.FixedNames = "false"
		Release.AspNetCompiler.Debug = "False"
		VWDPort = "1115"
		DefaultWebSiteLanguage = "Visual C#"
		ProjOutputReferences = "{D052FB1C-797A-4462-A121-1B138381BB57}|;"
	EndProjectSection
EndProject
Global
	GlobalSection(SolutionConfigurationPlatforms) = preSolution
		Debug|.NET = Debug|.NET
		Debug|Any CPU = Debug|Any CPU
		Debug|Mixed Platforms = Debug|Mixed Platforms
		Release|.NET = Release|.NET
		Release|Any CPU = Release|Any CPU
		Release|Mixed Platforms = Release|Mixed Platforms
	EndGlobalSection
	GlobalSection(ProjectConfigurationPlatforms) = postSolution
		{D052FB1C-797A-4462-A121-1B138381BB57}.Debug|.NET.ActiveCfg = Debug|Any CPU
		{D052FB1C-797A-4462-A121-1B138381BB57}.Debug|Any CPU.ActiveCfg = Debug|Any CPU
		{D052FB1C-797A-4462-A121-1B138381BB57}.Debug|Any CPU.Build.0 = Debug|Any CPU
		{D052FB1C-797A-4462-A121-1B138381BB57}.Debug|Mixed Platforms.ActiveCfg = Debug|Any CPU
		{D052FB1C-797A-4462-A121-1B138381BB57}.Debug|Mixed Platforms.Build.0 = Debug|Any CPU
		{D052FB1C-797A-4462-A121-1B138381BB57}.Release|.NET.ActiveCfg = Release|Any CPU
		{D052FB1C-797A-4462-A121-1B138381BB57}.Release|Any CPU.ActiveCfg = Release|Any CPU
		{D052FB1C-797A-4462-A121-1B138381BB57}.Release|Any CPU.Build.0 = Release|Any CPU
		{D052FB1C-797A-4462-A121-1B138381BB57}.Release|Mixed Platforms.ActiveCfg = Release|Any CPU
		{D052FB1C-797A-4462-A121-1B138381BB57}.Release|Mixed Platforms.Build.0 = Release|Any CPU
		{D863E4F9-D0B6-489C-866E-CDA3CDBAD21B}.Debug|.NET.ActiveCfg = Debug|Any CPU
		{D863E4F9-D0B6-489C-866E-CDA3CDBAD21B}.Debug|Any CPU.ActiveCfg = Debug|Any CPU
		{D863E4F9-D0B6-489C-866E-CDA3CDBAD21B}.Debug|Any CPU.Build.0 = Debug|Any CPU
		{D863E4F9-D0B6-489C-866E-CDA3CDBAD21B}.Debug|Mixed Platforms.ActiveCfg = Debug|Any CPU
		{D863E4F9-D0B6-489C-866E-CDA3CDBAD21B}.Debug|Mixed Platforms.Build.0 = Debug|Any CPU
		{D863E4F9-D0B6-489C-866E-CDA3CDBAD21B}.Release|.NET.ActiveCfg = Release|Any CPU
		{D863E4F9-D0B6-489C-866E-CDA3CDBAD21B}.Release|Any CPU.ActiveCfg = Release|Any CPU
		{D863E4F9-D0B6-489C-866E-CDA3CDBAD21B}.Release|Any CPU.Build.0 = Release|Any CPU
		{D863E4F9-D0B6-489C-866E-CDA3CDBAD21B}.Release|Mixed Platforms.ActiveCfg = Release|Any CPU
		{D863E4F9-D0B6-489C-866E-CDA3CDBAD21B}.Release|Mixed Platforms.Build.0 = Release|Any CPU
		{017496AA-BCF1-4890-B0C9-B74DE76823F1}.Debug|.NET.ActiveCfg = Debug|.NET
		{017496AA-BCF1-4890-B0C9-B74DE76823F1}.Debug|.NET.Build.0 = Debug|.NET
		{017496AA-BCF1-4890-B0C9-B74DE76823F1}.Debug|Any CPU.ActiveCfg = Debug|.NET
		{017496AA-BCF1-4890-B0C9-B74DE76823F1}.Debug|Mixed Platforms.ActiveCfg = Debug|.NET
		{017496AA-BCF1-4890-B0C9-B74DE76823F1}.Debug|Mixed Platforms.Build.0 = Debug|.NET
		{017496AA-BCF1-4890-B0C9-B74DE76823F1}.Release|.NET.ActiveCfg = Debug|.NET
		{017496AA-BCF1-4890-B0C9-B74DE76823F1}.Release|.NET.Build.0 = Debug|.NET
		{017496AA-BCF1-4890-B0C9-B74DE76823F1}.Release|Any CPU.ActiveCfg = Debug|.NET
		{017496AA-BCF1-4890-B0C9-B74DE76823F1}.Release|Mixed Platforms.ActiveCfg = Debug|.NET
		{017496AA-BCF1-4890-B0C9-B74DE76823F1}.Release|Mixed Platforms.Build.0 = Debug|.NET
	EndGlobalSection
	GlobalSection(SolutionProperties) = preSolution
		HideSolutionNode = FALSE
	EndGlobalSection
EndGlobal
